
Microsoft Visual Studio Solution File, Format Version 12.00
# Visual Studio Version 16
VisualStudioVersion = 16.0.29806.167
MinimumVisualStudioVersion = 10.0.40219.1
Project("{FAE04EC0-301F-11D3-BF4B-00C04F79EFBC}") = "DataAssignmentOne", "DataAssignmentOne\DataAssignmentOne.csproj", "{7556B981-D96C-4994-87D1-F25A4A6092D6}"
EndProject
Project("{FAE04EC0-301F-11D3-BF4B-00C04F79EFBC}") = "DBTesting", "DBTesting\DBTesting.csproj", "{1CBD242B-BB91-48AC-AF21-DAB1D811831E}"
EndProject
Global
	GlobalSection(SolutionConfigurationPlatforms) = preSolution
		Debug|Any CPU = Debug|Any CPU
		Release|Any CPU = Release|Any CPU
	EndGlobalSection
	GlobalSection(ProjectConfigurationPlatforms) = postSolution
		{7556B981-D96C-4994-87D1-F25A4A6092D6}.Debug|Any CPU.ActiveCfg = Debug|Any CPU
		{7556B981-D96C-4994-87D1-F25A4A6092D6}.Debug|Any CPU.Build.0 = Debug|Any CPU
		{7556B981-D96C-4994-87D1-F25A4A6092D6}.Release|Any CPU.ActiveCfg = Release|Any CPU
		{7556B981-D96C-4994-87D1-F25A4A6092D6}.Release|Any CPU.Build.0 = Release|Any CPU
		{1CBD242B-BB91-48AC-AF21-DAB1D811831E}.Debug|Any CPU.ActiveCfg = Debug|Any CPU
		{1CBD242B-BB91-48AC-AF21-DAB1D811831E}.Debug|Any CPU.Build.0 = Debug|Any CPU
		{1CBD242B-BB91-48AC-AF21-DAB1D811831E}.Release|Any CPU.ActiveCfg = Release|Any CPU
		{1CBD242B-BB91-48AC-AF21-DAB1D811831E}.Release|Any CPU.Build.0 = Release|Any CPU
	EndGlobalSection
	GlobalSection(SolutionProperties) = preSolution
		HideSolutionNode = FALSE
	EndGlobalSection
	GlobalSection(ExtensibilityGlobals) = postSolution
		SolutionGuid = {A9C61526-3F0D-482D-BEE4-4EE2832BED3D}
	EndGlobalSection
EndGlobal
